<Solution>
  <Configurations>
    <Platform Name="Any CPU" />
    <Platform Name="x64" />
    <Platform Name="x86" />
  </Configurations>
  <Folder Name="/tests/">
    <Project Path="tests/Valheim.Foresight.UnitTests/Valheim.Foresight.UnitTests.csproj" />
  </Folder>
  <Project Path="Valheim.Foresight/Valheim.Foresight.csproj" />
</Solution>